PODS:
  - Flutter (1.0.0)
  - wifi_configuration (0.0.1):
    - Flutter

DEPENDENCIES:
  - Flutter (from `.symlinks/flutter/ios`)
  - wifi_configuration (from `.symlinks/plugins/wifi_configuration/ios`)

EXTERNAL SOURCES:
  Flutter:
    :path: ".symlinks/flutter/ios"
  wifi_configuration:
    :path: ".symlinks/plugins/wifi_configuration/ios"

SPEC CHECKSUMS:
  Flutter: 0e3d915762c693b495b44d77113d4970485de6ec
  wifi_configuration: 68e7c8393d2f6104a1c5c9948ba0c4f22e20f450

PODFILE CHECKSUM: ebd43b443038e611b86ede96e613bd6033c49497

COCOAPODS: 1.8.4
